
Microsoft Visual Studio Solution File, Format Version 12.00
Project("{FAE04EC0-301F-11D3-BF4B-00C04F79EFBC}") = "LootGenerator", "LootGenerator\LootGenerator\LootGenerator.csproj", "{4C74D08F-CDE6-497C-AF92-24D7B229E6DC}"
EndProject
Global
	GlobalSection(SolutionConfigurationPlatforms) = preSolution
		Debug|Any CPU = Debug|Any CPU
		Release|Any CPU = Release|Any CPU
	EndGlobalSection
	GlobalSection(ProjectConfigurationPlatforms) = postSolution
		{4C74D08F-CDE6-497C-AF92-24D7B229E6DC}.Debug|Any CPU.ActiveCfg = Debug|Any CPU
		{4C74D08F-CDE6-497C-AF92-24D7B229E6DC}.Debug|Any CPU.Build.0 = Debug|Any CPU
		{4C74D08F-CDE6-497C-AF92-24D7B229E6DC}.Release|Any CPU.ActiveCfg = Release|Any CPU
		{4C74D08F-CDE6-497C-AF92-24D7B229E6DC}.Release|Any CPU.Build.0 = Release|Any CPU
	EndGlobalSection
EndGlobal
